<?xml version="1.0" encoding="utf-8"?>
<Project ToolsVersion="4.0" xmlns="http://schemas.microsoft.com/developer/msbuild/2003">
  <ItemGroup>
    <Filter Include="Source Files">
      <UniqueIdentifier>{4FC737F1-C7A5-4376-A066-2A32D752A2FF}</UniqueIdentifier>
      <Extensions>cpp;c;cc;cxx;c++;cppm;ixx;def;odl;idl;hpj;bat;asm;asmx</Extensions>
    </Filter>
    <Filter Include="Resource Files">
      <UniqueIdentifier>{67DA6AB6-F800-4c08-8B7A-83BB121AAD01}</UniqueIdentifier>
      <Extensions>rc;ico;cur;bmp;dlg;rc2;rct;bin;rgs;gif;jpg;jpeg;jpe;resx;tiff;tif;png;wav;mfcribbon-ms</Extensions>
    </Filter>
    <Filter Include="Source Files\libs">
      <UniqueIdentifier>{788f9887-abf1-45e4-9926-77e27c07b696}</UniqueIdentifier>
    </Filter>
    <Filter Include="I18N">
      <UniqueIdentifier>{f57d1833-0a17-4f1a-b295-af9d2dd6f5af}</UniqueIdentifier>
    </Filter>
    <Filter Include="Dependences">
      <UniqueIdentifier>{93995380-89BD-4b04-88EB-625FBE52EBFB}</UniqueIdentifier>
      <Extensions>h;hh;hpp;hxx;h++;hm;inl;inc;ipp;xsd</Extensions>
    </Filter>
    <Filter Include="Dependences\libs">
      <UniqueIdentifier>{e7bcc556-7ea8-44ad-a8ec-278c20d9fd26}</UniqueIdentifier>
    </Filter>
    <Filter Include="Dependences\Isatronia">
      <UniqueIdentifier>{fb631383-3e80-451f-b00b-4a690a0b040e}</UniqueIdentifier>
    </Filter>
    <Filter Include="Dependences\Isatronia\Resource">
      <UniqueIdentifier>{327b5e6f-85ca-452b-a5a4-08962ef7fa4a}</UniqueIdentifier>
    </Filter>
    <Filter Include="Dependences\Isatronia\Platform">
      <UniqueIdentifier>{153ffe32-4744-48df-a8d5-04db510669a4}</UniqueIdentifier>
    </Filter>
    <Filter Include="Dependences\Isatronia\Sprite">
      <UniqueIdentifier>{88f1458f-36b7-4ed5-a9f5-c6731381eb73}</UniqueIdentifier>
    </Filter>
    <Filter Include="Dependences\Isatronia\Framework">
      <UniqueIdentifier>{cae4d21a-26ba-4df5-954b-41a5026eccea}</UniqueIdentifier>
    </Filter>
    <Filter Include="Dependences\Isatronia\Exceptions">
      <UniqueIdentifier>{425986b7-3172-43ad-b2b2-c339ba0ac369}</UniqueIdentifier>
    </Filter>
  </ItemGroup>
  <ItemGroup>
    <ClCompile Include="..\libs\dxerr.cpp">
      <Filter>Source Files\libs</Filter>
    </ClCompile>
    <ClCompile Include="..\Isatronia\Framework\Timer.cpp">
      <Filter>Dependences\Isatronia\Framework</Filter>
    </ClCompile>
    <ClCompile Include="..\Isatronia\Platform\App.cpp">
      <Filter>Dependences\Isatronia\Platform</Filter>
    </ClCompile>
    <ClCompile Include="..\Isatronia\Platform\DDApp.cpp">
      <Filter>Dependences\Isatronia\Platform</Filter>
    </ClCompile>
    <ClCompile Include="..\Isatronia\Resource\Bitmap.cpp">
      <Filter>Dependences\Isatronia\Resource</Filter>
    </ClCompile>
    <ClCompile Include="..\Isatronia\Resource\Image.cpp">
      <Filter>Dependences\Isatronia\Resource</Filter>
    </ClCompile>
    <ClCompile Include="..\Isatronia\Resource\Animation.cpp">
      <Filter>Dependences\Isatronia\Resource</Filter>
    </ClCompile>
    <ClCompile Include="..\Main.cpp">
      <Filter>Source Files</Filter>
    </ClCompile>
    <ClCompile Include="..\Isatronia\Exceptions\Exception.cpp">
      <Filter>Dependences\Isatronia\Exceptions</Filter>
    </ClCompile>
    <ClCompile Include="..\Isatronia\Resource\RGBInfo.cpp">
      <Filter>Dependences\Isatronia\Resource</Filter>
    </ClCompile>
    <ClCompile Include="..\Isatronia\Resource\Resource.cpp">
      <Filter>Dependences\Isatronia\Resource</Filter>
    </ClCompile>
  </ItemGroup>
  <ItemGroup>
    <ClInclude Include="..\libs\dxerr.h">
      <Filter>Dependences\libs</Filter>
    </ClInclude>
    <ClInclude Include="..\Isatronia\Framework\IsaUtils.h">
      <Filter>Dependences\Isatronia\Framework</Filter>
    </ClInclude>
    <ClInclude Include="..\Isatronia\Framework\Timer.h">
      <Filter>Dependences\Isatronia\Framework</Filter>
    </ClInclude>
    <ClInclude Include="..\Isatronia\Platform\App.h">
      <Filter>Dependences\Isatronia\Platform</Filter>
    </ClInclude>
    <ClInclude Include="..\Isatronia\Platform\DDApp.h">
      <Filter>Dependences\Isatronia\Platform</Filter>
    </ClInclude>
    <ClInclude Include="..\Isatronia\Resource\BitMap.h">
      <Filter>Dependences\Isatronia\Resource</Filter>
    </ClInclude>
    <ClInclude Include="..\Isatronia\Resource\Image.h">
      <Filter>Dependences\Isatronia\Resource</Filter>
    </ClInclude>
    <ClInclude Include="..\Isatronia\Resource\Animation.h">
      <Filter>Dependences\Isatronia\Resource</Filter>
    </ClInclude>
    <ClInclude Include="..\Isatronia\Resource\Resource.h">
      <Filter>Dependences\Isatronia\Resource</Filter>
    </ClInclude>
    <ClInclude Include="..\Isatronia\Resource\ResourceFactory.h">
      <Filter>Dependences\Isatronia\Resource</Filter>
    </ClInclude>
    <ClInclude Include="..\Isatronia\Exceptions\Exception.h">
      <Filter>Dependences\Isatronia\Exceptions</Filter>
    </ClInclude>
    <ClInclude Include="..\Isatronia\Exceptions\IsaImageException.h">
      <Filter>Dependences\Isatronia\Exceptions</Filter>
    </ClInclude>
    <ClInclude Include="..\Isatronia\Resource\RGBInfo.h">
      <Filter>Dependences\Isatronia\Resource</Filter>
    </ClInclude>
  </ItemGroup>
</Project>